# This file is automatically @generated by Cargo.
# It is not intended for manual editing.
version = 4

[[package]]
name = "emulator_6502"
version = "1.1.0"
source = "registry+https://github.com/rust-lang/crates.io-index"
checksum = "8e8b83946072bc6677b2940bb59619480a035a10f63dd3f07f9e45c23a588c50"
dependencies = [
 "log",
]

[[package]]
name = "log"
version = "0.4.22"
source = "registry+https://github.com/rust-lang/crates.io-index"
checksum = "a7a70ba024b9dc04c27ea2f0c0548feb474ec5c54bba33a7f72f873a39d07b24"

[[package]]
name = "popsim"
version = "0.1.0"
dependencies = [
 "emulator_6502",
]
